
Microsoft Visual Studio Solution File, Format Version 12.00
# Visual Studio Version 16
VisualStudioVersion = 16.0.29102.190
MinimumVisualStudioVersion = 10.0.40219.1
Project("{FAE04EC0-301F-11D3-BF4B-00C04F79EFBC}") = "5Febrero20", "5Febrero20.csproj", "{4172F7C7-6057-4BC3-9E46-96C363BBCA2B}"
EndProject
Global
	GlobalSection(SolutionConfigurationPlatforms) = preSolution
		Debug|Any CPU = Debug|Any CPU
		Release|Any CPU = Release|Any CPU
	EndGlobalSection
	GlobalSection(ProjectConfigurationPlatforms) = postSolution
		{4172F7C7-6057-4BC3-9E46-96C363BBCA2B}.Debug|Any CPU.ActiveCfg = Debug|Any CPU
		{4172F7C7-6057-4BC3-9E46-96C363BBCA2B}.Debug|Any CPU.Build.0 = Debug|Any CPU
		{4172F7C7-6057-4BC3-9E46-96C363BBCA2B}.Release|Any CPU.ActiveCfg = Release|Any CPU
		{4172F7C7-6057-4BC3-9E46-96C363BBCA2B}.Release|Any CPU.Build.0 = Release|Any CPU
	EndGlobalSection
	GlobalSection(SolutionProperties) = preSolution
		HideSolutionNode = FALSE
	EndGlobalSection
	GlobalSection(ExtensibilityGlobals) = postSolution
		SolutionGuid = {81277C66-590A-4451-B32B-C91E164F1D1B}
	EndGlobalSection
EndGlobal
