
Microsoft Visual Studio Solution File, Format Version 12.00
# Visual Studio Version 16
VisualStudioVersion = 16.0.30114.105
MinimumVisualStudioVersion = 10.0.40219.1
Project("{FAE04EC0-301F-11D3-BF4B-00C04F79EFBC}") = "Fracciones", "Fracciones\Fracciones.csproj", "{1E95C64B-5597-49B8-B1D8-9E241BC17FAD}"
EndProject
Project("{FAE04EC0-301F-11D3-BF4B-00C04F79EFBC}") = "Complejos", "Complejos\Complejos.csproj", "{1F0BF129-4960-4588-8931-84CE8AC6D5C3}"
EndProject
Global
	GlobalSection(SolutionConfigurationPlatforms) = preSolution
		Debug|Any CPU = Debug|Any CPU
		Release|Any CPU = Release|Any CPU
	EndGlobalSection
	GlobalSection(ProjectConfigurationPlatforms) = postSolution
		{1E95C64B-5597-49B8-B1D8-9E241BC17FAD}.Debug|Any CPU.ActiveCfg = Debug|Any CPU
		{1E95C64B-5597-49B8-B1D8-9E241BC17FAD}.Debug|Any CPU.Build.0 = Debug|Any CPU
		{1E95C64B-5597-49B8-B1D8-9E241BC17FAD}.Release|Any CPU.ActiveCfg = Release|Any CPU
		{1E95C64B-5597-49B8-B1D8-9E241BC17FAD}.Release|Any CPU.Build.0 = Release|Any CPU
		{1F0BF129-4960-4588-8931-84CE8AC6D5C3}.Debug|Any CPU.ActiveCfg = Debug|Any CPU
		{1F0BF129-4960-4588-8931-84CE8AC6D5C3}.Debug|Any CPU.Build.0 = Debug|Any CPU
		{1F0BF129-4960-4588-8931-84CE8AC6D5C3}.Release|Any CPU.ActiveCfg = Release|Any CPU
		{1F0BF129-4960-4588-8931-84CE8AC6D5C3}.Release|Any CPU.Build.0 = Release|Any CPU
	EndGlobalSection
	GlobalSection(SolutionProperties) = preSolution
		HideSolutionNode = FALSE
	EndGlobalSection
	GlobalSection(ExtensibilityGlobals) = postSolution
		SolutionGuid = {9153A8A4-B1AC-4F7D-B1BF-F224B3C4F4C4}
	EndGlobalSection
EndGlobal
