
Microsoft Visual Studio Solution File, Format Version 12.00
# Visual Studio Version 16
VisualStudioVersion = 16.0.29920.165
MinimumVisualStudioVersion = 10.0.40219.1
Project("{FAE04EC0-301F-11D3-BF4B-00C04F79EFBC}") = "30Marzo20", "30Marzo20.csproj", "{3C0488C5-239C-4D61-A288-603698E5C3E4}"
EndProject
Global
	GlobalSection(SolutionConfigurationPlatforms) = preSolution
		Debug|Any CPU = Debug|Any CPU
		Release|Any CPU = Release|Any CPU
	EndGlobalSection
	GlobalSection(ProjectConfigurationPlatforms) = postSolution
		{3C0488C5-239C-4D61-A288-603698E5C3E4}.Debug|Any CPU.ActiveCfg = Debug|Any CPU
		{3C0488C5-239C-4D61-A288-603698E5C3E4}.Debug|Any CPU.Build.0 = Debug|Any CPU
		{3C0488C5-239C-4D61-A288-603698E5C3E4}.Release|Any CPU.ActiveCfg = Release|Any CPU
		{3C0488C5-239C-4D61-A288-603698E5C3E4}.Release|Any CPU.Build.0 = Release|Any CPU
	EndGlobalSection
	GlobalSection(SolutionProperties) = preSolution
		HideSolutionNode = FALSE
	EndGlobalSection
	GlobalSection(ExtensibilityGlobals) = postSolution
		SolutionGuid = {600FAD23-D9EF-4360-8696-EF67FF4A5A90}
	EndGlobalSection
EndGlobal
