
Microsoft Visual Studio Solution File, Format Version 12.00
# Visual Studio Version 16
VisualStudioVersion = 16.0.30011.22
MinimumVisualStudioVersion = 10.0.40219.1
Project("{FAE04EC0-301F-11D3-BF4B-00C04F79EFBC}") = "VectoresRecursivos", "CalcVectores\VectoresRecursivos.csproj", "{94EE4833-7208-42C0-B75B-AB194E261CA5}"
EndProject
Project("{FAE04EC0-301F-11D3-BF4B-00C04F79EFBC}") = "PotenciaRecursiva", "CalculoPotencia\PotenciaRecursiva.csproj", "{9B89C046-DF8A-47DC-8AC9-32CF55014B3F}"
EndProject
Project("{FAE04EC0-301F-11D3-BF4B-00C04F79EFBC}") = "FibonacciRecursivo", "IndiceFibonacci\FibonacciRecursivo.csproj", "{401E7A4A-B9A7-452E-A842-EBCD068FD6F1}"
EndProject
Project("{FAE04EC0-301F-11D3-BF4B-00C04F79EFBC}") = "FactorialRecursivo", "CalculoFactorial\FactorialRecursivo.csproj", "{FF735A86-BDB9-4080-BA3E-5F986CDFE5B4}"
EndProject
Global
	GlobalSection(SolutionConfigurationPlatforms) = preSolution
		Debug|Any CPU = Debug|Any CPU
		Release|Any CPU = Release|Any CPU
	EndGlobalSection
	GlobalSection(ProjectConfigurationPlatforms) = postSolution
		{94EE4833-7208-42C0-B75B-AB194E261CA5}.Debug|Any CPU.ActiveCfg = Debug|Any CPU
		{94EE4833-7208-42C0-B75B-AB194E261CA5}.Debug|Any CPU.Build.0 = Debug|Any CPU
		{94EE4833-7208-42C0-B75B-AB194E261CA5}.Release|Any CPU.ActiveCfg = Release|Any CPU
		{94EE4833-7208-42C0-B75B-AB194E261CA5}.Release|Any CPU.Build.0 = Release|Any CPU
		{9B89C046-DF8A-47DC-8AC9-32CF55014B3F}.Debug|Any CPU.ActiveCfg = Debug|Any CPU
		{9B89C046-DF8A-47DC-8AC9-32CF55014B3F}.Debug|Any CPU.Build.0 = Debug|Any CPU
		{9B89C046-DF8A-47DC-8AC9-32CF55014B3F}.Release|Any CPU.ActiveCfg = Release|Any CPU
		{9B89C046-DF8A-47DC-8AC9-32CF55014B3F}.Release|Any CPU.Build.0 = Release|Any CPU
		{401E7A4A-B9A7-452E-A842-EBCD068FD6F1}.Debug|Any CPU.ActiveCfg = Debug|Any CPU
		{401E7A4A-B9A7-452E-A842-EBCD068FD6F1}.Debug|Any CPU.Build.0 = Debug|Any CPU
		{401E7A4A-B9A7-452E-A842-EBCD068FD6F1}.Release|Any CPU.ActiveCfg = Release|Any CPU
		{401E7A4A-B9A7-452E-A842-EBCD068FD6F1}.Release|Any CPU.Build.0 = Release|Any CPU
		{FF735A86-BDB9-4080-BA3E-5F986CDFE5B4}.Debug|Any CPU.ActiveCfg = Debug|Any CPU
		{FF735A86-BDB9-4080-BA3E-5F986CDFE5B4}.Debug|Any CPU.Build.0 = Debug|Any CPU
		{FF735A86-BDB9-4080-BA3E-5F986CDFE5B4}.Release|Any CPU.ActiveCfg = Release|Any CPU
		{FF735A86-BDB9-4080-BA3E-5F986CDFE5B4}.Release|Any CPU.Build.0 = Release|Any CPU
	EndGlobalSection
	GlobalSection(SolutionProperties) = preSolution
		HideSolutionNode = FALSE
	EndGlobalSection
	GlobalSection(ExtensibilityGlobals) = postSolution
		SolutionGuid = {48D4217A-A193-4262-854D-D1850CFC1B4D}
	EndGlobalSection
EndGlobal
