
Microsoft Visual Studio Solution File, Format Version 12.00
# Visual Studio Version 16
VisualStudioVersion = 16.0.30011.22
MinimumVisualStudioVersion = 10.0.40219.1
Project("{FAE04EC0-301F-11D3-BF4B-00C04F79EFBC}") = "27Abril20", "27Abril20\27Abril20.csproj", "{155B4454-BEA7-41C8-B766-94A716C33957}"
EndProject
Global
	GlobalSection(SolutionConfigurationPlatforms) = preSolution
		Debug|Any CPU = Debug|Any CPU
		Release|Any CPU = Release|Any CPU
	EndGlobalSection
	GlobalSection(ProjectConfigurationPlatforms) = postSolution
		{155B4454-BEA7-41C8-B766-94A716C33957}.Debug|Any CPU.ActiveCfg = Debug|Any CPU
		{155B4454-BEA7-41C8-B766-94A716C33957}.Debug|Any CPU.Build.0 = Debug|Any CPU
		{155B4454-BEA7-41C8-B766-94A716C33957}.Release|Any CPU.ActiveCfg = Release|Any CPU
		{155B4454-BEA7-41C8-B766-94A716C33957}.Release|Any CPU.Build.0 = Release|Any CPU
	EndGlobalSection
	GlobalSection(SolutionProperties) = preSolution
		HideSolutionNode = FALSE
	EndGlobalSection
	GlobalSection(ExtensibilityGlobals) = postSolution
		SolutionGuid = {DA65392E-F78E-45B5-AACD-D6D4D48CB01D}
	EndGlobalSection
EndGlobal
