
Microsoft Visual Studio Solution File, Format Version 12.00
# Visual Studio Version 16
VisualStudioVersion = 16.0.30128.74
MinimumVisualStudioVersion = 10.0.40219.1
Project("{FAE04EC0-301F-11D3-BF4B-00C04F79EFBC}") = "TiendaVirtual", "TiendaVirtual\TiendaVirtual.csproj", "{25DF8E92-B49A-4B48-BB47-50726F1287BC}"
EndProject
Global
	GlobalSection(SolutionConfigurationPlatforms) = preSolution
		Debug|Any CPU = Debug|Any CPU
		Release|Any CPU = Release|Any CPU
	EndGlobalSection
	GlobalSection(ProjectConfigurationPlatforms) = postSolution
		{25DF8E92-B49A-4B48-BB47-50726F1287BC}.Debug|Any CPU.ActiveCfg = Debug|Any CPU
		{25DF8E92-B49A-4B48-BB47-50726F1287BC}.Debug|Any CPU.Build.0 = Debug|Any CPU
		{25DF8E92-B49A-4B48-BB47-50726F1287BC}.Release|Any CPU.ActiveCfg = Release|Any CPU
		{25DF8E92-B49A-4B48-BB47-50726F1287BC}.Release|Any CPU.Build.0 = Release|Any CPU
	EndGlobalSection
	GlobalSection(SolutionProperties) = preSolution
		HideSolutionNode = FALSE
	EndGlobalSection
	GlobalSection(ExtensibilityGlobals) = postSolution
		SolutionGuid = {3AA6269A-716D-4604-9B65-1437ADF612E8}
	EndGlobalSection
EndGlobal
